// !$*UTF8*$!
{
	archiveVersion = 1;
	classes = {
	};
	objectVersion = 56;
	objects = {

/* Begin PBXBuildFile section */
		225704692A70AC2200C3190F /* ThreeColumnStoreApp.swift in Sources */ = {isa = PBXBuildFile; fileRef = 225704682A70AC2200C3190F /* ThreeColumnStoreApp.swift */; };
		2257046B2A70AC2200C3190F /* ContentView.swift in Sources */ = {isa = PBXBuildFile; fileRef = 2257046A2A70AC2200C3190F /* ContentView.swift */; };
		2257046D2A70AC2300C3190F /* Assets.xcassets in Resources */ = {isa = PBXBuildFile; fileRef = 2257046C2A70AC2300C3190F /* Assets.xcassets */; };
		225704712A70AC2300C3190F /* Preview Assets.xcassets in Resources */ = {isa = PBXBuildFile; fileRef = 225704702A70AC2300C3190F /* Preview Assets.xcassets */; };
		225704792A70AC9800C3190F /* AppState.swift in Sources */ = {isa = PBXBuildFile; fileRef = 225704782A70AC9800C3190F /* AppState.swift */; };
		2257047B2A70ACD100C3190F /* AppAction.swift in Sources */ = {isa = PBXBuildFile; fileRef = 2257047A2A70ACD100C3190F /* AppAction.swift */; };
		2257047D2A70ACF200C3190F /* AppReducer.swift in Sources */ = {isa = PBXBuildFile; fileRef = 2257047C2A70ACF200C3190F /* AppReducer.swift */; };
		2257047F2A70AD5900C3190F /* AppStore.swift in Sources */ = {isa = PBXBuildFile; fileRef = 2257047E2A70AD5900C3190F /* AppStore.swift */; };
		225704832A70AF4B00C3190F /* Department.swift in Sources */ = {isa = PBXBuildFile; fileRef = 225704812A70AF4B00C3190F /* Department.swift */; };
		225704842A70AF4B00C3190F /* Employee.swift in Sources */ = {isa = PBXBuildFile; fileRef = 225704822A70AF4B00C3190F /* Employee.swift */; };
/* End PBXBuildFile section */

/* Begin PBXFileReference section */
		225704652A70AC2200C3190F /* ThreeColumnStore.app */ = {isa = PBXFileReference; explicitFileType = wrapper.application; includeInIndex = 0; path = ThreeColumnStore.app; sourceTree = BUILT_PRODUCTS_DIR; };
		225704682A70AC2200C3190F /* ThreeColumnStoreApp.swift */ = {isa = PBXFileReference; lastKnownFileType = sourcecode.swift; path = ThreeColumnStoreApp.swift; sourceTree = "<group>"; };
		2257046A2A70AC2200C3190F /* ContentView.swift */ = {isa = PBXFileReference; lastKnownFileType = sourcecode.swift; path = ContentView.swift; sourceTree = "<group>"; };
		2257046C2A70AC2300C3190F /* Assets.xcassets */ = {isa = PBXFileReference; lastKnownFileType = folder.assetcatalog; path = Assets.xcassets; sourceTree = "<group>"; };
		2257046E2A70AC2300C3190F /* ThreeColumnStore.entitlements */ = {isa = PBXFileReference; lastKnownFileType = text.plist.entitlements; path = ThreeColumnStore.entitlements; sourceTree = "<group>"; };
		225704702A70AC2300C3190F /* Preview Assets.xcassets */ = {isa = PBXFileReference; lastKnownFileType = folder.assetcatalog; path = "Preview Assets.xcassets"; sourceTree = "<group>"; };
		225704782A70AC9800C3190F /* AppState.swift */ = {isa = PBXFileReference; lastKnownFileType = sourcecode.swift; path = AppState.swift; sourceTree = "<group>"; };
		2257047A2A70ACD100C3190F /* AppAction.swift */ = {isa = PBXFileReference; lastKnownFileType = sourcecode.swift; path = AppAction.swift; sourceTree = "<group>"; };
		2257047C2A70ACF200C3190F /* AppReducer.swift */ = {isa = PBXFileReference; lastKnownFileType = sourcecode.swift; path = AppReducer.swift; sourceTree = "<group>"; };
		2257047E2A70AD5900C3190F /* AppStore.swift */ = {isa = PBXFileReference; lastKnownFileType = sourcecode.swift; path = AppStore.swift; sourceTree = "<group>"; };
		225704812A70AF4B00C3190F /* Department.swift */ = {isa = PBXFileReference; fileEncoding = 4; lastKnownFileType = sourcecode.swift; name = Department.swift; path = ../../../ThreeColumnSplitView/ThreeColumnSplitView/Department.swift; sourceTree = "<group>"; };
		225704822A70AF4B00C3190F /* Employee.swift */ = {isa = PBXFileReference; fileEncoding = 4; lastKnownFileType = sourcecode.swift; name = Employee.swift; path = ../../../ThreeColumnSplitView/ThreeColumnSplitView/Employee.swift; sourceTree = "<group>"; };
/* End PBXFileReference section */

/* Begin PBXFrameworksBuildPhase section */
		225704622A70AC2200C3190F /* Frameworks */ = {
			isa = PBXFrameworksBuildPhase;
			buildActionMask = 2147483647;
			files = (
			);
			runOnlyForDeploymentPostprocessing = 0;
		};
/* End PBXFrameworksBuildPhase section */

/* Begin PBXGroup section */
		2257045C2A70AC2200C3190F = {
			isa = PBXGroup;
			children = (
				225704672A70AC2200C3190F /* ThreeColumnStore */,
				225704662A70AC2200C3190F /* Products */,
			);
			sourceTree = "<group>";
		};
		225704662A70AC2200C3190F /* Products */ = {
			isa = PBXGroup;
			children = (
				225704652A70AC2200C3190F /* ThreeColumnStore.app */,
			);
			name = Products;
			sourceTree = "<group>";
		};
		225704672A70AC2200C3190F /* ThreeColumnStore */ = {
			isa = PBXGroup;
			children = (
				225704802A70AF3E00C3190F /* Model */,
				225704772A70AC8400C3190F /* AppStore */,
				225704682A70AC2200C3190F /* ThreeColumnStoreApp.swift */,
				2257046A2A70AC2200C3190F /* ContentView.swift */,
				2257046C2A70AC2300C3190F /* Assets.xcassets */,
				2257046E2A70AC2300C3190F /* ThreeColumnStore.entitlements */,
				2257046F2A70AC2300C3190F /* Preview Content */,
			);
			path = ThreeColumnStore;
			sourceTree = "<group>";
		};
		2257046F2A70AC2300C3190F /* Preview Content */ = {
			isa = PBXGroup;
			children = (
				225704702A70AC2300C3190F /* Preview Assets.xcassets */,
			);
			path = "Preview Content";
			sourceTree = "<group>";
		};
		225704772A70AC8400C3190F /* AppStore */ = {
			isa = PBXGroup;
			children = (
				225704782A70AC9800C3190F /* AppState.swift */,
				2257047A2A70ACD100C3190F /* AppAction.swift */,
				2257047C2A70ACF200C3190F /* AppReducer.swift */,
				2257047E2A70AD5900C3190F /* AppStore.swift */,
			);
			path = AppStore;
			sourceTree = "<group>";
		};
		225704802A70AF3E00C3190F /* Model */ = {
			isa = PBXGroup;
			children = (
				225704812A70AF4B00C3190F /* Department.swift */,
				225704822A70AF4B00C3190F /* Employee.swift */,
			);
			path = Model;
			sourceTree = "<group>";
		};
/* End PBXGroup section */

/* Begin PBXNativeTarget section */
		225704642A70AC2200C3190F /* ThreeColumnStore */ = {
			isa = PBXNativeTarget;
			buildConfigurationList = 225704742A70AC2300C3190F /* Build configuration list for PBXNativeTarget "ThreeColumnStore" */;
			buildPhases = (
				225704612A70AC2200C3190F /* Sources */,
				225704622A70AC2200C3190F /* Frameworks */,
				225704632A70AC2200C3190F /* Resources */,
			);
			buildRules = (
			);
			dependencies = (
			);
			name = ThreeColumnStore;
			productName = ThreeColumnStore;
			productReference = 225704652A70AC2200C3190F /* ThreeColumnStore.app */;
			productType = "com.apple.product-type.application";
		};
/* End PBXNativeTarget section */

/* Begin PBXProject section */
		2257045D2A70AC2200C3190F /* Project object */ = {
			isa = PBXProject;
			attributes = {
				BuildIndependentTargetsInParallel = 1;
				LastSwiftUpdateCheck = 1430;
				LastUpgradeCheck = 1430;
				TargetAttributes = {
					225704642A70AC2200C3190F = {
						CreatedOnToolsVersion = 14.3;
					};
				};
			};
			buildConfigurationList = 225704602A70AC2200C3190F /* Build configuration list for PBXProject "ThreeColumnStore" */;
			compatibilityVersion = "Xcode 14.0";
			developmentRegion = en;
			hasScannedForEncodings = 0;
			knownRegions = (
				en,
				Base,
			);
			mainGroup = 2257045C2A70AC2200C3190F;
			productRefGroup = 225704662A70AC2200C3190F /* Products */;
			projectDirPath = "";
			projectRoot = "";
			targets = (
				225704642A70AC2200C3190F /* ThreeColumnStore */,
			);
		};
/* End PBXProject section */

/* Begin PBXResourcesBuildPhase section */
		225704632A70AC2200C3190F /* Resources */ = {
			isa = PBXResourcesBuildPhase;
			buildActionMask = 2147483647;
			files = (
				225704712A70AC2300C3190F /* Preview Assets.xcassets in Resources */,
				2257046D2A70AC2300C3190F /* Assets.xcassets in Resources */,
			);
			runOnlyForDeploymentPostprocessing = 0;
		};
/* End PBXResourcesBuildPhase section */

/* Begin PBXSourcesBuildPhase section */
		225704612A70AC2200C3190F /* Sources */ = {
			isa = PBXSourcesBuildPhase;
			buildActionMask = 2147483647;
			files = (
				225704792A70AC9800C3190F /* AppState.swift in Sources */,
				225704842A70AF4B00C3190F /* Employee.swift in Sources */,
				2257047B2A70ACD100C3190F /* AppAction.swift in Sources */,
				2257046B2A70AC2200C3190F /* ContentView.swift in Sources */,
				2257047F2A70AD5900C3190F /* AppStore.swift in Sources */,
				225704692A70AC2200C3190F /* ThreeColumnStoreApp.swift in Sources */,
				225704832A70AF4B00C3190F /* Department.swift in Sources */,
				2257047D2A70ACF200C3190F /* AppReducer.swift in Sources */,
			);
			runOnlyForDeploymentPostprocessing = 0;
		};
/* End PBXSourcesBuildPhase section */

/* Begin XCBuildConfiguration section */
		225704722A70AC2300C3190F /* Debug */ = {
			isa = XCBuildConfiguration;
			buildSettings = {
				ALWAYS_SEARCH_USER_PATHS = NO;
				CLANG_ANALYZER_NONNULL = YES;
				CLANG_ANALYZER_NUMBER_OBJECT_CONVERSION = YES_AGGRESSIVE;
				CLANG_CXX_LANGUAGE_STANDARD = "gnu++20";
				CLANG_ENABLE_MODULES = YES;
				CLANG_ENABLE_OBJC_ARC = YES;
				CLANG_ENABLE_OBJC_WEAK = YES;
				CLANG_WARN_BLOCK_CAPTURE_AUTORELEASING = YES;
				CLANG_WARN_BOOL_CONVERSION = YES;
				CLANG_WARN_COMMA = YES;
				CLANG_WARN_CONSTANT_CONVERSION = YES;
				CLANG_WARN_DEPRECATED_OBJC_IMPLEMENTATIONS = YES;
				CLANG_WARN_DIRECT_OBJC_ISA_USAGE = YES_ERROR;
				CLANG_WARN_DOCUMENTATION_COMMENTS = YES;
				CLANG_WARN_EMPTY_BODY = YES;
				CLANG_WARN_ENUM_CONVERSION = YES;
				CLANG_WARN_INFINITE_RECURSION = YES;
				CLANG_WARN_INT_CONVERSION = YES;
				CLANG_WARN_NON_LITERAL_NULL_CONVERSION = YES;
				CLANG_WARN_OBJC_IMPLICIT_RETAIN_SELF = YES;
				CLANG_WARN_OBJC_LITERAL_CONVERSION = YES;
				CLANG_WARN_OBJC_ROOT_CLASS = YES_ERROR;
				CLANG_WARN_QUOTED_INCLUDE_IN_FRAMEWORK_HEADER = YES;
				CLANG_WARN_RANGE_LOOP_ANALYSIS = YES;
				CLANG_WARN_STRICT_PROTOTYPES = YES;
				CLANG_WARN_SUSPICIOUS_MOVE = YES;
				CLANG_WARN_UNGUARDED_AVAILABILITY = YES_AGGRESSIVE;
				CLANG_WARN_UNREACHABLE_CODE = YES;
				CLANG_WARN__DUPLICATE_METHOD_MATCH = YES;
				COPY_PHASE_STRIP = NO;
				DEBUG_INFORMATION_FORMAT = dwarf;
				ENABLE_STRICT_OBJC_MSGSEND = YES;
				ENABLE_TESTABILITY = YES;
				GCC_C_LANGUAGE_STANDARD = gnu11;
				GCC_DYNAMIC_NO_PIC = NO;
				GCC_NO_COMMON_BLOCKS = YES;
				GCC_OPTIMIZATION_LEVEL = 0;
				GCC_PREPROCESSOR_DEFINITIONS = (
					"DEBUG=1",
					"$(inherited)",
				);
				GCC_WARN_64_TO_32_BIT_CONVERSION = YES;
				GCC_WARN_ABOUT_RETURN_TYPE = YES_ERROR;
				GCC_WARN_UNDECLARED_SELECTOR = YES;
				GCC_WARN_UNINITIALIZED_AUTOS = YES_AGGRESSIVE;
				GCC_WARN_UNUSED_FUNCTION = YES;
				GCC_WARN_UNUSED_VARIABLE = YES;
				MTL_ENABLE_DEBUG_INFO = INCLUDE_SOURCE;
				MTL_FAST_MATH = YES;
				ONLY_ACTIVE_ARCH = YES;
				SWIFT_ACTIVE_COMPILATION_CONDITIONS = DEBUG;
				SWIFT_OPTIMIZATION_LEVEL = "-Onone";
			};
			name = Debug;
		};
		225704732A70AC2300C3190F /* Release */ = {
			isa = XCBuildConfiguration;
			buildSettings = {
				ALWAYS_SEARCH_USER_PATHS = NO;
				CLANG_ANALYZER_NONNULL = YES;
				CLANG_ANALYZER_NUMBER_OBJECT_CONVERSION = YES_AGGRESSIVE;
				CLANG_CXX_LANGUAGE_STANDARD = "gnu++20";
				CLANG_ENABLE_MODULES = YES;
				CLANG_ENABLE_OBJC_ARC = YES;
				CLANG_ENABLE_OBJC_WEAK = YES;
				CLANG_WARN_BLOCK_CAPTURE_AUTORELEASING = YES;
				CLANG_WARN_BOOL_CONVERSION = YES;
				CLANG_WARN_COMMA = YES;
				CLANG_WARN_CONSTANT_CONVERSION = YES;
				CLANG_WARN_DEPRECATED_OBJC_IMPLEMENTATIONS = YES;
				CLANG_WARN_DIRECT_OBJC_ISA_USAGE = YES_ERROR;
				CLANG_WARN_DOCUMENTATION_COMMENTS = YES;
				CLANG_WARN_EMPTY_BODY = YES;
				CLANG_WARN_ENUM_CONVERSION = YES;
				CLANG_WARN_INFINITE_RECURSION = YES;
				CLANG_WARN_INT_CONVERSION = YES;
				CLANG_WARN_NON_LITERAL_NULL_CONVERSION = YES;
				CLANG_WARN_OBJC_IMPLICIT_RETAIN_SELF = YES;
				CLANG_WARN_OBJC_LITERAL_CONVERSION = YES;
				CLANG_WARN_OBJC_ROOT_CLASS = YES_ERROR;
				CLANG_WARN_QUOTED_INCLUDE_IN_FRAMEWORK_HEADER = YES;
				CLANG_WARN_RANGE_LOOP_ANALYSIS = YES;
				CLANG_WARN_STRICT_PROTOTYPES = YES;
				CLANG_WARN_SUSPICIOUS_MOVE = YES;
				CLANG_WARN_UNGUARDED_AVAILABILITY = YES_AGGRESSIVE;
				CLANG_WARN_UNREACHABLE_CODE = YES;
				CLANG_WARN__DUPLICATE_METHOD_MATCH = YES;
				COPY_PHASE_STRIP = NO;
				DEBUG_INFORMATION_FORMAT = "dwarf-with-dsym";
				ENABLE_NS_ASSERTIONS = NO;
				ENABLE_STRICT_OBJC_MSGSEND = YES;
				GCC_C_LANGUAGE_STANDARD = gnu11;
				GCC_NO_COMMON_BLOCKS = YES;
				GCC_WARN_64_TO_32_BIT_CONVERSION = YES;
				GCC_WARN_ABOUT_RETURN_TYPE = YES_ERROR;
				GCC_WARN_UNDECLARED_SELECTOR = YES;
				GCC_WARN_UNINITIALIZED_AUTOS = YES_AGGRESSIVE;
				GCC_WARN_UNUSED_FUNCTION = YES;
				GCC_WARN_UNUSED_VARIABLE = YES;
				MTL_ENABLE_DEBUG_INFO = NO;
				MTL_FAST_MATH = YES;
				SWIFT_COMPILATION_MODE = wholemodule;
				SWIFT_OPTIMIZATION_LEVEL = "-O";
			};
			name = Release;
		};
		225704752A70AC2300C3190F /* Debug */ = {
			isa = XCBuildConfiguration;
			buildSettings = {
				ASSETCATALOG_COMPILER_APPICON_NAME = AppIcon;
				ASSETCATALOG_COMPILER_GLOBAL_ACCENT_COLOR_NAME = AccentColor;
				CODE_SIGN_ENTITLEMENTS = ThreeColumnStore/ThreeColumnStore.entitlements;
				CODE_SIGN_STYLE = Automatic;
				CURRENT_PROJECT_VERSION = 1;
				DEVELOPMENT_ASSET_PATHS = "\"ThreeColumnStore/Preview Content\"";
				DEVELOPMENT_TEAM = C8TR6D88SN;
				ENABLE_HARDENED_RUNTIME = YES;
				ENABLE_PREVIEWS = YES;
				GENERATE_INFOPLIST_FILE = YES;
				"INFOPLIST_KEY_UIApplicationSceneManifest_Generation[sdk=iphoneos*]" = YES;
				"INFOPLIST_KEY_UIApplicationSceneManifest_Generation[sdk=iphonesimulator*]" = YES;
				"INFOPLIST_KEY_UIApplicationSupportsIndirectInputEvents[sdk=iphoneos*]" = YES;
				"INFOPLIST_KEY_UIApplicationSupportsIndirectInputEvents[sdk=iphonesimulator*]" = YES;
				"INFOPLIST_KEY_UILaunchScreen_Generation[sdk=iphoneos*]" = YES;
				"INFOPLIST_KEY_UILaunchScreen_Generation[sdk=iphonesimulator*]" = YES;
				"INFOPLIST_KEY_UIStatusBarStyle[sdk=iphoneos*]" = UIStatusBarStyleDefault;
				"INFOPLIST_KEY_UIStatusBarStyle[sdk=iphonesimulator*]" = UIStatusBarStyleDefault;
				INFOPLIST_KEY_UISupportedInterfaceOrientations_iPad = "UIInterfaceOrientationPortrait UIInterfaceOrientationPortraitUpsideDown UIInterfaceOrientationLandscapeLeft UIInterfaceOrientationLandscapeRight";
				INFOPLIST_KEY_UISupportedInterfaceOrientations_iPhone = "UIInterfaceOrientationPortrait UIInterfaceOrientationLandscapeLeft UIInterfaceOrientationLandscapeRight";
				IPHONEOS_DEPLOYMENT_TARGET = 16.4;
				LD_RUNPATH_SEARCH_PATHS = "@executable_path/Frameworks";
				"LD_RUNPATH_SEARCH_PATHS[sdk=macosx*]" = "@executable_path/../Frameworks";
				MACOSX_DEPLOYMENT_TARGET = 13.3;
				MARKETING_VERSION = 1.0;
				PRODUCT_BUNDLE_IDENTIFIER = net.apperdashery.test.ThreeColumnStore;
				PRODUCT_NAME = "$(TARGET_NAME)";
				SDKROOT = auto;
				SUPPORTED_PLATFORMS = "iphoneos iphonesimulator macosx";
				SWIFT_EMIT_LOC_STRINGS = YES;
				SWIFT_VERSION = 5.0;
				TARGETED_DEVICE_FAMILY = "1,2";
			};
			name = Debug;
		};
		225704762A70AC2300C3190F /* Release */ = {
			isa = XCBuildConfiguration;
			buildSettings = {
				ASSETCATALOG_COMPILER_APPICON_NAME = AppIcon;
				ASSETCATALOG_COMPILER_GLOBAL_ACCENT_COLOR_NAME = AccentColor;
				CODE_SIGN_ENTITLEMENTS = ThreeColumnStore/ThreeColumnStore.entitlements;
				CODE_SIGN_STYLE = Automatic;
				CURRENT_PROJECT_VERSION = 1;
				DEVELOPMENT_ASSET_PATHS = "\"ThreeColumnStore/Preview Content\"";
				DEVELOPMENT_TEAM = C8TR6D88SN;
				ENABLE_HARDENED_RUNTIME = YES;
				ENABLE_PREVIEWS = YES;
				GENERATE_INFOPLIST_FILE = YES;
				"INFOPLIST_KEY_UIApplicationSceneManifest_Generation[sdk=iphoneos*]" = YES;
				"INFOPLIST_KEY_UIApplicationSceneManifest_Generation[sdk=iphonesimulator*]" = YES;
				"INFOPLIST_KEY_UIApplicationSupportsIndirectInputEvents[sdk=iphoneos*]" = YES;
				"INFOPLIST_KEY_UIApplicationSupportsIndirectInputEvents[sdk=iphonesimulator*]" = YES;
				"INFOPLIST_KEY_UILaunchScreen_Generation[sdk=iphoneos*]" = YES;
				"INFOPLIST_KEY_UILaunchScreen_Generation[sdk=iphonesimulator*]" = YES;
				"INFOPLIST_KEY_UIStatusBarStyle[sdk=iphoneos*]" = UIStatusBarStyleDefault;
				"INFOPLIST_KEY_UIStatusBarStyle[sdk=iphonesimulator*]" = UIStatusBarStyleDefault;
				INFOPLIST_KEY_UISupportedInterfaceOrientations_iPad = "UIInterfaceOrientationPortrait UIInterfaceOrientationPortraitUpsideDown UIInterfaceOrientationLandscapeLeft UIInterfaceOrientationLandscapeRight";
				INFOPLIST_KEY_UISupportedInterfaceOrientations_iPhone = "UIInterfaceOrientationPortrait UIInterfaceOrientationLandscapeLeft UIInterfaceOrientationLandscapeRight";
				IPHONEOS_DEPLOYMENT_TARGET = 16.4;
				LD_RUNPATH_SEARCH_PATHS = "@executable_path/Frameworks";
				"LD_RUNPATH_SEARCH_PATHS[sdk=macosx*]" = "@executable_path/../Frameworks";
				MACOSX_DEPLOYMENT_TARGET = 13.3;
				MARKETING_VERSION = 1.0;
				PRODUCT_BUNDLE_IDENTIFIER = net.apperdashery.test.ThreeColumnStore;
				PRODUCT_NAME = "$(TARGET_NAME)";
				SDKROOT = auto;
				SUPPORTED_PLATFORMS = "iphoneos iphonesimulator macosx";
				SWIFT_EMIT_LOC_STRINGS = YES;
				SWIFT_VERSION = 5.0;
				TARGETED_DEVICE_FAMILY = "1,2";
			};
			name = Release;
		};
/* End XCBuildConfiguration section */

/* Begin XCConfigurationList section */
		225704602A70AC2200C3190F /* Build configuration list for PBXProject "ThreeColumnStore" */ = {
			isa = XCConfigurationList;
			buildConfigurations = (
				225704722A70AC2300C3190F /* Debug */,
				225704732A70AC2300C3190F /* Release */,
			);
			defaultConfigurationIsVisible = 0;
			defaultConfigurationName = Release;
		};
		225704742A70AC2300C3190F /* Build configuration list for PBXNativeTarget "ThreeColumnStore" */ = {
			isa = XCConfigurationList;
			buildConfigurations = (
				225704752A70AC2300C3190F /* Debug */,
				225704762A70AC2300C3190F /* Release */,
			);
			defaultConfigurationIsVisible = 0;
			defaultConfigurationName = Release;
		};
/* End XCConfigurationList section */
	};
	rootObject = 2257045D2A70AC2200C3190F /* Project object */;
}
